# This file is autogenerated, do not edit; changes may be undone by the next 'dep ensure'.


[[projects]]
  branch = "master"
  digest = "1:0fb04fad232e7416859f945f1e6dc4ac6023f023410cf4e0b7702e6294a7b47f"
  name = "github.com/appf-anu/chamber-tools"
  packages = ["."]
  pruneopts = "UT"
  revision = "0ea1d1f902aa42ed315f1e649b8eaef589263881"

[[projects]]
  branch = "master"
  digest = "1:72d0257854c16cd98f7de63c4c23ab93b2572cafcf6ea6cba8a03f2220035894"
  name = "github.com/bcampbell/fuzzytime"
  packages = ["."]
  pruneopts = "UT"
  revision = "05ea0010feacdc54e99e54a9a6d2e58fd2d4a633"

[[projects]]
  branch = "master"
  digest = "1:62737c77426b1784408f1908fb6aab50bdb1732396489a79b03c655643b0f4b2"
  name = "github.com/jacobsa/go-serial"
  packages = ["serial"]
  pruneopts = "UT"
  revision = "15cf729a72d49e837fa047a4142fa6e4d5ab45a1"

[[projects]]
  branch = "master"
  digest = "1:f00bc67b877f674d7712654835ce1b205fd6c77ea7102515972c91e9e31b7532"
  name = "github.com/mdaffin/go-telegraf"
  packages = ["."]
  pruneopts = "UT"
  revision = "e4f1649ff5751ca6fdb13b7abbcfaa138eacf355"

[[projects]]
  branch = "master"
  digest = "1:fc96eb481f72e9a5edeb4bb3f3610d3b9384c036f7c1e39f8c0dedff23d0c34d"
  name = "golang.org/x/sys"
  packages = ["unix"]
  pruneopts = "UT"
  revision = "bd437916bb0eb726b873ee8e9b2dcf212d32e2fd"

[solve-meta]
  analyzer-name = "dep"
  analyzer-version = 1
  input-imports = [
    "github.com/appf-anu/chamber-tools",
    "github.com/bcampbell/fuzzytime",
    "github.com/jacobsa/go-serial/serial",
    "github.com/mdaffin/go-telegraf",
  ]
  solver-name = "gps-cdcl"
  solver-version = 1
