# This file is autogenerated, do not edit; changes may be undone by the next 'dep ensure'.


[[projects]]
  branch = "master"
  digest = "1:a01d9556718451f28578bc80c65adf0b4668b1bd6909474b45151ebe5a6fd1ee"
  name = "github.com/appf-anu/chamber-tools"
  packages = ["."]
  pruneopts = "UT"
  revision = "1340fa30bf8f5b1bfa85fb7dd094afbab0d4d0f1"

[[projects]]
  branch = "master"
  digest = "1:72d0257854c16cd98f7de63c4c23ab93b2572cafcf6ea6cba8a03f2220035894"
  name = "github.com/bcampbell/fuzzytime"
  packages = ["."]
  pruneopts = "UT"
  revision = "05ea0010feacdc54e99e54a9a6d2e58fd2d4a633"

[[projects]]
  branch = "master"
  digest = "1:62737c77426b1784408f1908fb6aab50bdb1732396489a79b03c655643b0f4b2"
  name = "github.com/jacobsa/go-serial"
  packages = ["serial"]
  pruneopts = "UT"
  revision = "15cf729a72d49e837fa047a4142fa6e4d5ab45a1"

[[projects]]
  branch = "master"
  digest = "1:f00bc67b877f674d7712654835ce1b205fd6c77ea7102515972c91e9e31b7532"
  name = "github.com/mdaffin/go-telegraf"
  packages = ["."]
  pruneopts = "UT"
  revision = "e4f1649ff5751ca6fdb13b7abbcfaa138eacf355"

[[projects]]
  digest = "1:cf31692c14422fa27c83a05292eb5cbe0fb2775972e8f1f8446a71549bd8980b"
  name = "github.com/pkg/errors"
  packages = ["."]
  pruneopts = "UT"
  revision = "ba968bfe8b2f7e042a574c888954fccecfa385b4"
  version = "v0.8.1"

[[projects]]
  digest = "1:fb8459b685ed5bd854573b57766937280b74b218c6fa128af6d80aa0343f4694"
  name = "github.com/tealeg/xlsx"
  packages = ["."]
  pruneopts = "UT"
  revision = "7476f094548e5a0e9131fbaf1a5a53e38bf26e9a"
  version = "v2.0.1"

[[projects]]
  branch = "master"
  digest = "1:fc96eb481f72e9a5edeb4bb3f3610d3b9384c036f7c1e39f8c0dedff23d0c34d"
  name = "golang.org/x/sys"
  packages = ["unix"]
  pruneopts = "UT"
  revision = "bd437916bb0eb726b873ee8e9b2dcf212d32e2fd"

[solve-meta]
  analyzer-name = "dep"
  analyzer-version = 1
  input-imports = [
    "github.com/appf-anu/chamber-tools",
    "github.com/bcampbell/fuzzytime",
    "github.com/jacobsa/go-serial/serial",
    "github.com/mdaffin/go-telegraf",
  ]
  solver-name = "gps-cdcl"
  solver-version = 1
