# This file is autogenerated, do not edit; changes may be undone by the next 'dep ensure'.


[[projects]]
  branch = "master"
  digest = "1:a7b6687a72166ca3db4dd0a91b35397c969a968f0b07f45f4c8f194a8fc1df79"
  name = "github.com/appf-anu/chamber-tools"
  packages = ["."]
  pruneopts = "UT"
  revision = "bcb878af006580d915a8f5abb66e048642f853c7"

[[projects]]
  branch = "master"
  digest = "1:72d0257854c16cd98f7de63c4c23ab93b2572cafcf6ea6cba8a03f2220035894"
  name = "github.com/bcampbell/fuzzytime"
  packages = ["."]
  pruneopts = "UT"
  revision = "05ea0010feacdc54e99e54a9a6d2e58fd2d4a633"

[[projects]]
  branch = "master"
  digest = "1:62737c77426b1784408f1908fb6aab50bdb1732396489a79b03c655643b0f4b2"
  name = "github.com/jacobsa/go-serial"
  packages = ["serial"]
  pruneopts = "UT"
  revision = "15cf729a72d49e837fa047a4142fa6e4d5ab45a1"

[[projects]]
  branch = "master"
  digest = "1:f00bc67b877f674d7712654835ce1b205fd6c77ea7102515972c91e9e31b7532"
  name = "github.com/mdaffin/go-telegraf"
  packages = ["."]
  pruneopts = "UT"
  revision = "e4f1649ff5751ca6fdb13b7abbcfaa138eacf355"

[[projects]]
  branch = "master"
  digest = "1:3b81f20605df873608343956a1f707bc63fe76bbc9ab3adb644ce95b4502a525"
  name = "golang.org/x/sys"
  packages = ["unix"]
  pruneopts = "UT"
  revision = "6254a7c3cac686fe2a53a481f189cea00afecc17"

[solve-meta]
  analyzer-name = "dep"
  analyzer-version = 1
  input-imports = [
    "github.com/appf-anu/chamber-tools",
    "github.com/bcampbell/fuzzytime",
    "github.com/jacobsa/go-serial/serial",
    "github.com/mdaffin/go-telegraf",
  ]
  solver-name = "gps-cdcl"
  solver-version = 1
